
Microsoft Visual Studio Solution File, Format Version 12.00
# Visual Studio Version 16
VisualStudioVersion = 16.0.29806.167
MinimumVisualStudioVersion = 10.0.40219.1
Project("{FAE04EC0-301F-11D3-BF4B-00C04F79EFBC}") = "UserLogin", "UserLogin\UserLogin.csproj", "{DC27CBA7-FCB7-4A46-9B2A-C6292E023B7C}"
EndProject
Project("{FAE04EC0-301F-11D3-BF4B-00C04F79EFBC}") = "StudentInfoSystem", "StudentInfoSystem\StudentInfoSystem.csproj", "{04B5CC76-5E17-415B-A8E8-C6BC1203730B}"
EndProject
Project("{FAE04EC0-301F-11D3-BF4B-00C04F79EFBC}") = "WPFhello", "WPFhello\WPFhello.csproj", "{869E9ADF-4AFE-4939-9FE9-86C7416BC5A8}"
EndProject
Project("{FAE04EC0-301F-11D3-BF4B-00C04F79EFBC}") = "ExpenseIt", "ExpenseIt\ExpenseIt.csproj", "{92EE9641-C5F2-4673-9B53-5FACA3EE3E1B}"
EndProject
Project("{FAE04EC0-301F-11D3-BF4B-00C04F79EFBC}") = "EasyMVVM", "EasyMVVM\EasyMVVM.csproj", "{7D732618-75D9-413D-AC33-559331E1455E}"
EndProject
Project("{FAE04EC0-301F-11D3-BF4B-00C04F79EFBC}") = "WpfExample", "WpfExample\WpfExample.csproj", "{75BE205B-5E37-49B7-8BAB-303847C3E1EA}"
EndProject
Project("{FAE04EC0-301F-11D3-BF4B-00C04F79EFBC}") = "MinimalMVVM", "..\..\PS-Lab3-example3\PS-Lab3-example3\MinimalMVVM\MinimalMVVM.csproj", "{A71E07A6-F620-46E1-8C30-D6AE9552136A}"
EndProject
Global
	GlobalSection(SolutionConfigurationPlatforms) = preSolution
		Debug|Any CPU = Debug|Any CPU
		Release|Any CPU = Release|Any CPU
	EndGlobalSection
	GlobalSection(ProjectConfigurationPlatforms) = postSolution
		{DC27CBA7-FCB7-4A46-9B2A-C6292E023B7C}.Debug|Any CPU.ActiveCfg = Debug|Any CPU
		{DC27CBA7-FCB7-4A46-9B2A-C6292E023B7C}.Debug|Any CPU.Build.0 = Debug|Any CPU
		{DC27CBA7-FCB7-4A46-9B2A-C6292E023B7C}.Release|Any CPU.ActiveCfg = Release|Any CPU
		{DC27CBA7-FCB7-4A46-9B2A-C6292E023B7C}.Release|Any CPU.Build.0 = Release|Any CPU
		{04B5CC76-5E17-415B-A8E8-C6BC1203730B}.Debug|Any CPU.ActiveCfg = Debug|Any CPU
		{04B5CC76-5E17-415B-A8E8-C6BC1203730B}.Debug|Any CPU.Build.0 = Debug|Any CPU
		{04B5CC76-5E17-415B-A8E8-C6BC1203730B}.Release|Any CPU.ActiveCfg = Release|Any CPU
		{04B5CC76-5E17-415B-A8E8-C6BC1203730B}.Release|Any CPU.Build.0 = Release|Any CPU
		{869E9ADF-4AFE-4939-9FE9-86C7416BC5A8}.Debug|Any CPU.ActiveCfg = Debug|Any CPU
		{869E9ADF-4AFE-4939-9FE9-86C7416BC5A8}.Debug|Any CPU.Build.0 = Debug|Any CPU
		{869E9ADF-4AFE-4939-9FE9-86C7416BC5A8}.Release|Any CPU.ActiveCfg = Release|Any CPU
		{869E9ADF-4AFE-4939-9FE9-86C7416BC5A8}.Release|Any CPU.Build.0 = Release|Any CPU
		{92EE9641-C5F2-4673-9B53-5FACA3EE3E1B}.Debug|Any CPU.ActiveCfg = Debug|Any CPU
		{92EE9641-C5F2-4673-9B53-5FACA3EE3E1B}.Debug|Any CPU.Build.0 = Debug|Any CPU
		{92EE9641-C5F2-4673-9B53-5FACA3EE3E1B}.Release|Any CPU.ActiveCfg = Release|Any CPU
		{92EE9641-C5F2-4673-9B53-5FACA3EE3E1B}.Release|Any CPU.Build.0 = Release|Any CPU
		{7D732618-75D9-413D-AC33-559331E1455E}.Debug|Any CPU.ActiveCfg = Debug|Any CPU
		{7D732618-75D9-413D-AC33-559331E1455E}.Debug|Any CPU.Build.0 = Debug|Any CPU
		{7D732618-75D9-413D-AC33-559331E1455E}.Release|Any CPU.ActiveCfg = Release|Any CPU
		{7D732618-75D9-413D-AC33-559331E1455E}.Release|Any CPU.Build.0 = Release|Any CPU
		{75BE205B-5E37-49B7-8BAB-303847C3E1EA}.Debug|Any CPU.ActiveCfg = Debug|Any CPU
		{75BE205B-5E37-49B7-8BAB-303847C3E1EA}.Debug|Any CPU.Build.0 = Debug|Any CPU
		{75BE205B-5E37-49B7-8BAB-303847C3E1EA}.Release|Any CPU.ActiveCfg = Release|Any CPU
		{75BE205B-5E37-49B7-8BAB-303847C3E1EA}.Release|Any CPU.Build.0 = Release|Any CPU
		{A71E07A6-F620-46E1-8C30-D6AE9552136A}.Debug|Any CPU.ActiveCfg = Debug|Any CPU
		{A71E07A6-F620-46E1-8C30-D6AE9552136A}.Debug|Any CPU.Build.0 = Debug|Any CPU
		{A71E07A6-F620-46E1-8C30-D6AE9552136A}.Release|Any CPU.ActiveCfg = Release|Any CPU
		{A71E07A6-F620-46E1-8C30-D6AE9552136A}.Release|Any CPU.Build.0 = Release|Any CPU
	EndGlobalSection
	GlobalSection(SolutionProperties) = preSolution
		HideSolutionNode = FALSE
	EndGlobalSection
	GlobalSection(ExtensibilityGlobals) = postSolution
		SolutionGuid = {7099C681-D561-4F0F-8645-FD1BA8A5A7D1}
	EndGlobalSection
EndGlobal
